
Microsoft Visual Studio Solution File, Format Version 12.00
# Visual Studio Version 17
VisualStudioVersion = 17.0.32112.339
MinimumVisualStudioVersion = 10.0.40219.1
Project("{FAE04EC0-301F-11D3-BF4B-00C04F79EFBC}") = "Day2Project2", "Day2Project2\Day2Project2.csproj", "{77F32E2E-1288-4360-A86B-0F4B80B8F4ED}"
EndProject
Global
	GlobalSection(SolutionConfigurationPlatforms) = preSolution
		Debug|Any CPU = Debug|Any CPU
		Release|Any CPU = Release|Any CPU
	EndGlobalSection
	GlobalSection(ProjectConfigurationPlatforms) = postSolution
		{77F32E2E-1288-4360-A86B-0F4B80B8F4ED}.Debug|Any CPU.ActiveCfg = Debug|Any CPU
		{77F32E2E-1288-4360-A86B-0F4B80B8F4ED}.Debug|Any CPU.Build.0 = Debug|Any CPU
		{77F32E2E-1288-4360-A86B-0F4B80B8F4ED}.Release|Any CPU.ActiveCfg = Release|Any CPU
		{77F32E2E-1288-4360-A86B-0F4B80B8F4ED}.Release|Any CPU.Build.0 = Release|Any CPU
	EndGlobalSection
	GlobalSection(SolutionProperties) = preSolution
		HideSolutionNode = FALSE
	EndGlobalSection
	GlobalSection(ExtensibilityGlobals) = postSolution
		SolutionGuid = {3F25C64E-6DF3-4CDE-A30D-849EDB3E8E54}
	EndGlobalSection
EndGlobal
