
Microsoft Visual Studio Solution File, Format Version 12.00
# Visual Studio Version 17
VisualStudioVersion = 17.0.32126.317
MinimumVisualStudioVersion = 10.0.40219.1
Project("{FAE04EC0-301F-11D3-BF4B-00C04F79EFBC}") = "Day16-Project1", "Day16-Project1\Day16-Project1.csproj", "{14DFC131-0036-412D-9336-7E4A00FA0847}"
EndProject
Global
	GlobalSection(SolutionConfigurationPlatforms) = preSolution
		Debug|Any CPU = Debug|Any CPU
		Release|Any CPU = Release|Any CPU
	EndGlobalSection
	GlobalSection(ProjectConfigurationPlatforms) = postSolution
		{14DFC131-0036-412D-9336-7E4A00FA0847}.Debug|Any CPU.ActiveCfg = Debug|Any CPU
		{14DFC131-0036-412D-9336-7E4A00FA0847}.Debug|Any CPU.Build.0 = Debug|Any CPU
		{14DFC131-0036-412D-9336-7E4A00FA0847}.Release|Any CPU.ActiveCfg = Release|Any CPU
		{14DFC131-0036-412D-9336-7E4A00FA0847}.Release|Any CPU.Build.0 = Release|Any CPU
	EndGlobalSection
	GlobalSection(SolutionProperties) = preSolution
		HideSolutionNode = FALSE
	EndGlobalSection
	GlobalSection(ExtensibilityGlobals) = postSolution
		SolutionGuid = {B7D94E5D-AAB9-4DFB-80BE-60AF19D3B210}
	EndGlobalSection
EndGlobal
