
Microsoft Visual Studio Solution File, Format Version 12.00
# Visual Studio Version 17
VisualStudioVersion = 17.0.32112.339
MinimumVisualStudioVersion = 10.0.40219.1
Project("{FAE04EC0-301F-11D3-BF4B-00C04F79EFBC}") = "Day2Project1", "Day2Project1\Day2Project1.csproj", "{43BD6943-828F-417E-B71A-29AC4A1F1787}"
EndProject
Global
	GlobalSection(SolutionConfigurationPlatforms) = preSolution
		Debug|Any CPU = Debug|Any CPU
		Release|Any CPU = Release|Any CPU
	EndGlobalSection
	GlobalSection(ProjectConfigurationPlatforms) = postSolution
		{43BD6943-828F-417E-B71A-29AC4A1F1787}.Debug|Any CPU.ActiveCfg = Debug|Any CPU
		{43BD6943-828F-417E-B71A-29AC4A1F1787}.Debug|Any CPU.Build.0 = Debug|Any CPU
		{43BD6943-828F-417E-B71A-29AC4A1F1787}.Release|Any CPU.ActiveCfg = Release|Any CPU
		{43BD6943-828F-417E-B71A-29AC4A1F1787}.Release|Any CPU.Build.0 = Release|Any CPU
	EndGlobalSection
	GlobalSection(SolutionProperties) = preSolution
		HideSolutionNode = FALSE
	EndGlobalSection
	GlobalSection(ExtensibilityGlobals) = postSolution
		SolutionGuid = {466ABB42-F03A-4EDC-BCB6-254080FC7D33}
	EndGlobalSection
EndGlobal
