
Microsoft Visual Studio Solution File, Format Version 12.00
# Visual Studio Version 17
VisualStudioVersion = 17.0.32112.339
MinimumVisualStudioVersion = 10.0.40219.1
Project("{FAE04EC0-301F-11D3-BF4B-00C04F79EFBC}") = "TypeCasting-Explicit", "TypeCasting-Explicit\TypeCasting-Explicit.csproj", "{BB54C94D-F9BC-4466-9AEE-64D7AD824D2B}"
EndProject
Global
	GlobalSection(SolutionConfigurationPlatforms) = preSolution
		Debug|Any CPU = Debug|Any CPU
		Release|Any CPU = Release|Any CPU
	EndGlobalSection
	GlobalSection(ProjectConfigurationPlatforms) = postSolution
		{BB54C94D-F9BC-4466-9AEE-64D7AD824D2B}.Debug|Any CPU.ActiveCfg = Debug|Any CPU
		{BB54C94D-F9BC-4466-9AEE-64D7AD824D2B}.Debug|Any CPU.Build.0 = Debug|Any CPU
		{BB54C94D-F9BC-4466-9AEE-64D7AD824D2B}.Release|Any CPU.ActiveCfg = Release|Any CPU
		{BB54C94D-F9BC-4466-9AEE-64D7AD824D2B}.Release|Any CPU.Build.0 = Release|Any CPU
	EndGlobalSection
	GlobalSection(SolutionProperties) = preSolution
		HideSolutionNode = FALSE
	EndGlobalSection
	GlobalSection(ExtensibilityGlobals) = postSolution
		SolutionGuid = {F9C1C676-0575-4CEB-B246-E0FC13C8520A}
	EndGlobalSection
EndGlobal
