
Microsoft Visual Studio Solution File, Format Version 12.00
# Visual Studio Version 17
VisualStudioVersion = 17.0.32126.317
MinimumVisualStudioVersion = 10.0.40219.1
Project("{FAE04EC0-301F-11D3-BF4B-00C04F79EFBC}") = "Day13 Project3", "Day13 Project3\Day13 Project3.csproj", "{19A68CE0-1443-4AD2-8952-13789AEDEE22}"
EndProject
Global
	GlobalSection(SolutionConfigurationPlatforms) = preSolution
		Debug|Any CPU = Debug|Any CPU
		Release|Any CPU = Release|Any CPU
	EndGlobalSection
	GlobalSection(ProjectConfigurationPlatforms) = postSolution
		{19A68CE0-1443-4AD2-8952-13789AEDEE22}.Debug|Any CPU.ActiveCfg = Debug|Any CPU
		{19A68CE0-1443-4AD2-8952-13789AEDEE22}.Debug|Any CPU.Build.0 = Debug|Any CPU
		{19A68CE0-1443-4AD2-8952-13789AEDEE22}.Release|Any CPU.ActiveCfg = Release|Any CPU
		{19A68CE0-1443-4AD2-8952-13789AEDEE22}.Release|Any CPU.Build.0 = Release|Any CPU
	EndGlobalSection
	GlobalSection(SolutionProperties) = preSolution
		HideSolutionNode = FALSE
	EndGlobalSection
	GlobalSection(ExtensibilityGlobals) = postSolution
		SolutionGuid = {E84E41D3-3D7E-4E27-B219-D4EBA5143E7D}
	EndGlobalSection
EndGlobal
