
Microsoft Visual Studio Solution File, Format Version 12.00
# Visual Studio Version 17
VisualStudioVersion = 17.0.32112.339
MinimumVisualStudioVersion = 10.0.40219.1
Project("{FAE04EC0-301F-11D3-BF4B-00C04F79EFBC}") = "Day12Project2", "Day12Project2\Day12Project2.csproj", "{227A3FE7-5C55-4ABE-9EA9-D12BB2A6989F}"
EndProject
Global
	GlobalSection(SolutionConfigurationPlatforms) = preSolution
		Debug|Any CPU = Debug|Any CPU
		Release|Any CPU = Release|Any CPU
	EndGlobalSection
	GlobalSection(ProjectConfigurationPlatforms) = postSolution
		{227A3FE7-5C55-4ABE-9EA9-D12BB2A6989F}.Debug|Any CPU.ActiveCfg = Debug|Any CPU
		{227A3FE7-5C55-4ABE-9EA9-D12BB2A6989F}.Debug|Any CPU.Build.0 = Debug|Any CPU
		{227A3FE7-5C55-4ABE-9EA9-D12BB2A6989F}.Release|Any CPU.ActiveCfg = Release|Any CPU
		{227A3FE7-5C55-4ABE-9EA9-D12BB2A6989F}.Release|Any CPU.Build.0 = Release|Any CPU
	EndGlobalSection
	GlobalSection(SolutionProperties) = preSolution
		HideSolutionNode = FALSE
	EndGlobalSection
	GlobalSection(ExtensibilityGlobals) = postSolution
		SolutionGuid = {151B843C-F292-46F4-AE71-68653740CEF4}
	EndGlobalSection
EndGlobal
