
Microsoft Visual Studio Solution File, Format Version 12.00
# Visual Studio Version 17
VisualStudioVersion = 17.0.32126.317
MinimumVisualStudioVersion = 10.0.40219.1
Project("{FAE04EC0-301F-11D3-BF4B-00C04F79EFBC}") = "Prime or Not", "Prime or Not\Prime or Not.csproj", "{B4D9FDEA-A5FB-4119-A43B-79AB17DF6DFF}"
EndProject
Global
	GlobalSection(SolutionConfigurationPlatforms) = preSolution
		Debug|Any CPU = Debug|Any CPU
		Release|Any CPU = Release|Any CPU
	EndGlobalSection
	GlobalSection(ProjectConfigurationPlatforms) = postSolution
		{B4D9FDEA-A5FB-4119-A43B-79AB17DF6DFF}.Debug|Any CPU.ActiveCfg = Debug|Any CPU
		{B4D9FDEA-A5FB-4119-A43B-79AB17DF6DFF}.Debug|Any CPU.Build.0 = Debug|Any CPU
		{B4D9FDEA-A5FB-4119-A43B-79AB17DF6DFF}.Release|Any CPU.ActiveCfg = Release|Any CPU
		{B4D9FDEA-A5FB-4119-A43B-79AB17DF6DFF}.Release|Any CPU.Build.0 = Release|Any CPU
	EndGlobalSection
	GlobalSection(SolutionProperties) = preSolution
		HideSolutionNode = FALSE
	EndGlobalSection
	GlobalSection(ExtensibilityGlobals) = postSolution
		SolutionGuid = {5DCA33F2-4371-4516-85A7-FF3B35AA4C25}
	EndGlobalSection
EndGlobal
