
Microsoft Visual Studio Solution File, Format Version 12.00
# Visual Studio Version 17
VisualStudioVersion = 17.0.32112.339
MinimumVisualStudioVersion = 10.0.40219.1
Project("{FAE04EC0-301F-11D3-BF4B-00C04F79EFBC}") = "Day7Project4(b)", "Day7Project4(b)\Day7Project4(b).csproj", "{EC306BB3-320A-4D42-8BBF-B992ACEF9160}"
EndProject
Global
	GlobalSection(SolutionConfigurationPlatforms) = preSolution
		Debug|Any CPU = Debug|Any CPU
		Release|Any CPU = Release|Any CPU
	EndGlobalSection
	GlobalSection(ProjectConfigurationPlatforms) = postSolution
		{EC306BB3-320A-4D42-8BBF-B992ACEF9160}.Debug|Any CPU.ActiveCfg = Debug|Any CPU
		{EC306BB3-320A-4D42-8BBF-B992ACEF9160}.Debug|Any CPU.Build.0 = Debug|Any CPU
		{EC306BB3-320A-4D42-8BBF-B992ACEF9160}.Release|Any CPU.ActiveCfg = Release|Any CPU
		{EC306BB3-320A-4D42-8BBF-B992ACEF9160}.Release|Any CPU.Build.0 = Release|Any CPU
	EndGlobalSection
	GlobalSection(SolutionProperties) = preSolution
		HideSolutionNode = FALSE
	EndGlobalSection
	GlobalSection(ExtensibilityGlobals) = postSolution
		SolutionGuid = {850BE342-8AA2-4588-8FE3-8568B507AA7A}
	EndGlobalSection
EndGlobal
