
Microsoft Visual Studio Solution File, Format Version 12.00
# Visual Studio Version 17
VisualStudioVersion = 17.1.32210.238
MinimumVisualStudioVersion = 10.0.40219.1
Project("{FAE04EC0-301F-11D3-BF4B-00C04F79EFBC}") = "DelegatesProgram", "DelegatesProgram\DelegatesProgram.csproj", "{0128AA7D-E45D-453B-83C3-ED4FF5ECFF82}"
EndProject
Global
	GlobalSection(SolutionConfigurationPlatforms) = preSolution
		Debug|Any CPU = Debug|Any CPU
		Release|Any CPU = Release|Any CPU
	EndGlobalSection
	GlobalSection(ProjectConfigurationPlatforms) = postSolution
		{0128AA7D-E45D-453B-83C3-ED4FF5ECFF82}.Debug|Any CPU.ActiveCfg = Debug|Any CPU
		{0128AA7D-E45D-453B-83C3-ED4FF5ECFF82}.Debug|Any CPU.Build.0 = Debug|Any CPU
		{0128AA7D-E45D-453B-83C3-ED4FF5ECFF82}.Release|Any CPU.ActiveCfg = Release|Any CPU
		{0128AA7D-E45D-453B-83C3-ED4FF5ECFF82}.Release|Any CPU.Build.0 = Release|Any CPU
	EndGlobalSection
	GlobalSection(SolutionProperties) = preSolution
		HideSolutionNode = FALSE
	EndGlobalSection
	GlobalSection(ExtensibilityGlobals) = postSolution
		SolutionGuid = {9E3AA007-612A-489B-8C44-B4A098F9A449}
	EndGlobalSection
EndGlobal
