
Microsoft Visual Studio Solution File, Format Version 12.00
# Visual Studio Version 17
VisualStudioVersion = 17.0.32112.339
MinimumVisualStudioVersion = 10.0.40219.1
Project("{FAE04EC0-301F-11D3-BF4B-00C04F79EFBC}") = "Day11 Project1", "Day11 Project1\Day11 Project1.csproj", "{E150341E-8303-4793-A222-38709843A35A}"
EndProject
Global
	GlobalSection(SolutionConfigurationPlatforms) = preSolution
		Debug|Any CPU = Debug|Any CPU
		Release|Any CPU = Release|Any CPU
	EndGlobalSection
	GlobalSection(ProjectConfigurationPlatforms) = postSolution
		{E150341E-8303-4793-A222-38709843A35A}.Debug|Any CPU.ActiveCfg = Debug|Any CPU
		{E150341E-8303-4793-A222-38709843A35A}.Debug|Any CPU.Build.0 = Debug|Any CPU
		{E150341E-8303-4793-A222-38709843A35A}.Release|Any CPU.ActiveCfg = Release|Any CPU
		{E150341E-8303-4793-A222-38709843A35A}.Release|Any CPU.Build.0 = Release|Any CPU
	EndGlobalSection
	GlobalSection(SolutionProperties) = preSolution
		HideSolutionNode = FALSE
	EndGlobalSection
	GlobalSection(ExtensibilityGlobals) = postSolution
		SolutionGuid = {B13CDEA5-8F0C-4994-9E68-C07F32B6A188}
	EndGlobalSection
EndGlobal
