
Microsoft Visual Studio Solution File, Format Version 12.00
# Visual Studio Version 17
VisualStudioVersion = 17.0.32126.317
MinimumVisualStudioVersion = 10.0.40219.1
Project("{FAE04EC0-301F-11D3-BF4B-00C04F79EFBC}") = "Day13Project11", "Day13Project11\Day13Project11.csproj", "{617F14BC-5838-4CA8-8AD8-E2FAE86932F1}"
EndProject
Global
	GlobalSection(SolutionConfigurationPlatforms) = preSolution
		Debug|Any CPU = Debug|Any CPU
		Release|Any CPU = Release|Any CPU
	EndGlobalSection
	GlobalSection(ProjectConfigurationPlatforms) = postSolution
		{617F14BC-5838-4CA8-8AD8-E2FAE86932F1}.Debug|Any CPU.ActiveCfg = Debug|Any CPU
		{617F14BC-5838-4CA8-8AD8-E2FAE86932F1}.Debug|Any CPU.Build.0 = Debug|Any CPU
		{617F14BC-5838-4CA8-8AD8-E2FAE86932F1}.Release|Any CPU.ActiveCfg = Release|Any CPU
		{617F14BC-5838-4CA8-8AD8-E2FAE86932F1}.Release|Any CPU.Build.0 = Release|Any CPU
	EndGlobalSection
	GlobalSection(SolutionProperties) = preSolution
		HideSolutionNode = FALSE
	EndGlobalSection
	GlobalSection(ExtensibilityGlobals) = postSolution
		SolutionGuid = {4FCB9367-AFE0-4ED5-B910-BB370AC1C907}
	EndGlobalSection
EndGlobal
