
Microsoft Visual Studio Solution File, Format Version 12.00
# Visual Studio Version 17
VisualStudioVersion = 17.0.32126.317
MinimumVisualStudioVersion = 10.0.40219.1
Project("{FAE04EC0-301F-11D3-BF4B-00C04F79EFBC}") = "Day16Project7", "Day16Project7\Day16Project7.csproj", "{098ACE22-B5F5-4BD8-BD34-807BA322F920}"
EndProject
Global
	GlobalSection(SolutionConfigurationPlatforms) = preSolution
		Debug|Any CPU = Debug|Any CPU
		Release|Any CPU = Release|Any CPU
	EndGlobalSection
	GlobalSection(ProjectConfigurationPlatforms) = postSolution
		{098ACE22-B5F5-4BD8-BD34-807BA322F920}.Debug|Any CPU.ActiveCfg = Debug|Any CPU
		{098ACE22-B5F5-4BD8-BD34-807BA322F920}.Debug|Any CPU.Build.0 = Debug|Any CPU
		{098ACE22-B5F5-4BD8-BD34-807BA322F920}.Release|Any CPU.ActiveCfg = Release|Any CPU
		{098ACE22-B5F5-4BD8-BD34-807BA322F920}.Release|Any CPU.Build.0 = Release|Any CPU
	EndGlobalSection
	GlobalSection(SolutionProperties) = preSolution
		HideSolutionNode = FALSE
	EndGlobalSection
	GlobalSection(ExtensibilityGlobals) = postSolution
		SolutionGuid = {343300A3-5A23-49D5-94F8-21FC67E3F1D6}
	EndGlobalSection
EndGlobal
