
Microsoft Visual Studio Solution File, Format Version 12.00
# Visual Studio Version 17
VisualStudioVersion = 17.0.32126.317
MinimumVisualStudioVersion = 10.0.40219.1
Project("{FAE04EC0-301F-11D3-BF4B-00C04F79EFBC}") = "Day16Project2", "Day16Project2\Day16Project2.csproj", "{6B299728-9659-45DA-B4CB-481FC58088AF}"
EndProject
Global
	GlobalSection(SolutionConfigurationPlatforms) = preSolution
		Debug|Any CPU = Debug|Any CPU
		Release|Any CPU = Release|Any CPU
	EndGlobalSection
	GlobalSection(ProjectConfigurationPlatforms) = postSolution
		{6B299728-9659-45DA-B4CB-481FC58088AF}.Debug|Any CPU.ActiveCfg = Debug|Any CPU
		{6B299728-9659-45DA-B4CB-481FC58088AF}.Debug|Any CPU.Build.0 = Debug|Any CPU
		{6B299728-9659-45DA-B4CB-481FC58088AF}.Release|Any CPU.ActiveCfg = Release|Any CPU
		{6B299728-9659-45DA-B4CB-481FC58088AF}.Release|Any CPU.Build.0 = Release|Any CPU
	EndGlobalSection
	GlobalSection(SolutionProperties) = preSolution
		HideSolutionNode = FALSE
	EndGlobalSection
	GlobalSection(ExtensibilityGlobals) = postSolution
		SolutionGuid = {70CB0A5E-1054-4DAF-950A-81271C3CCD87}
	EndGlobalSection
EndGlobal
